
Microsoft Visual Studio Solution File, Format Version 12.00
# Visual Studio Version 17
VisualStudioVersion = 17.6.33829.357
MinimumVisualStudioVersion = 10.0.40219.1
Project("{FAE04EC0-301F-11D3-BF4B-00C04F79EFBC}") = "unitee-supplier-backend", "unitee-supplier-backend.csproj", "{24CCF375-F3FC-43FE-AD8D-F4B7BE9BA46E}"
EndProject
Project("{00D1A9C2-B5F0-4AF3-8072-F6C62B433612}") = "DATABASE", "DATABASE\DATABASE.sqlproj", "{A7815298-70A5-4415-A181-877A36CEB905}"
EndProject
Global
	GlobalSection(SolutionConfigurationPlatforms) = preSolution
		Debug|Any CPU = Debug|Any CPU
		Release|Any CPU = Release|Any CPU
	EndGlobalSection
	GlobalSection(ProjectConfigurationPlatforms) = postSolution
		{24CCF375-F3FC-43FE-AD8D-F4B7BE9BA46E}.Debug|Any CPU.ActiveCfg = Debug|Any CPU
		{24CCF375-F3FC-43FE-AD8D-F4B7BE9BA46E}.Debug|Any CPU.Build.0 = Debug|Any CPU
		{24CCF375-F3FC-43FE-AD8D-F4B7BE9BA46E}.Release|Any CPU.ActiveCfg = Release|Any CPU
		{24CCF375-F3FC-43FE-AD8D-F4B7BE9BA46E}.Release|Any CPU.Build.0 = Release|Any CPU
		{A7815298-70A5-4415-A181-877A36CEB905}.Debug|Any CPU.ActiveCfg = Debug|Any CPU
		{A7815298-70A5-4415-A181-877A36CEB905}.Debug|Any CPU.Build.0 = Debug|Any CPU
		{A7815298-70A5-4415-A181-877A36CEB905}.Debug|Any CPU.Deploy.0 = Debug|Any CPU
		{A7815298-70A5-4415-A181-877A36CEB905}.Release|Any CPU.ActiveCfg = Release|Any CPU
		{A7815298-70A5-4415-A181-877A36CEB905}.Release|Any CPU.Build.0 = Release|Any CPU
		{A7815298-70A5-4415-A181-877A36CEB905}.Release|Any CPU.Deploy.0 = Release|Any CPU
	EndGlobalSection
	GlobalSection(SolutionProperties) = preSolution
		HideSolutionNode = FALSE
	EndGlobalSection
	GlobalSection(ExtensibilityGlobals) = postSolution
		SolutionGuid = {59554430-DEFF-4362-B1D2-A224A87E0105}
	EndGlobalSection
EndGlobal
